# This file is autogenerated, do not edit; changes may be undone by the next 'dep ensure'.


[[projects]]
  digest = "1:352fc094dbd1438593b64251de6788bffdf30f9925cf763c7f62e1fd27142b76"
  name = "github.com/PuerkitoBio/purell"
  packages = ["."]
  pruneopts = "T"
  revision = "0bcb03f4b4d0a9428594752bd2a3b9aa0a9d4bd4"
  version = "v1.1.0"

[[projects]]
  branch = "master"
  digest = "1:c739832d67eb1e9cc478a19cc1a1ccd78df0397bf8a32978b759152e205f644b"
  name = "github.com/PuerkitoBio/urlesc"
  packages = ["."]
  pruneopts = "T"
  revision = "de5bf2ad457846296e2031421a34e2568e304e35"

[[projects]]
  digest = "1:60b95a4be187c8b8a72fdc1bd8d351ae05d98da6e65950b2a68c71ad9c3009f4"
  name = "github.com/coreos/go-iptables"
  packages = ["iptables"]
  pruneopts = "T"
  revision = "47f22b0dd3355c0ba570ba12b0b8a36bf214c04b"
  version = "v0.4.0"

[[projects]]
  digest = "1:9f42202ac457c462ad8bb9642806d275af9ab4850cf0b1960b9c6f083d4a309a"
  name = "github.com/davecgh/go-spew"
  packages = ["spew"]
  pruneopts = "T"
  revision = "8991bc29aa16c548c550c7ff78260e27b9ab7c73"
  version = "v1.1.1"

[[projects]]
  digest = "1:77b39b37b35255582ec2c661b9c49c46356bf9fd5156442b400ef0608c358023"
  name = "github.com/emicklei/go-restful"
  packages = [
    ".",
    "log",
  ]
  pruneopts = "T"
  revision = "e37671aced663c8d3a395bd301857e26dcf4340c"
  version = "v2.8.1"

[[projects]]
  digest = "1:2cd7915ab26ede7d95b8749e6b1f933f1c6d5398030684e6505940a10f31cfda"
  name = "github.com/ghodss/yaml"
  packages = ["."]
  pruneopts = "T"
  revision = "0ca9ea5df5451ffdf184b4428c902747c2c11cd7"
  version = "v1.0.0"

[[projects]]
  digest = "1:38aab4b784c88549319e244a6a15137d86a5dbe6b062f618054a497f7515fb24"
  name = "github.com/go-kit/kit"
  packages = ["log"]
  pruneopts = "T"
  revision = "fe6fe28ba0d54b39f27e79cddba4911b7e4fffc7"

[[projects]]
  digest = "1:4062bc6de62d73e2be342243cf138cf499b34d558876db8d9430e2149388a4d8"
  name = "github.com/go-logfmt/logfmt"
  packages = ["."]
  pruneopts = "T"
  revision = "07c9b44f60d7ffdfb7d8efe1ad539965737836dc"
  version = "v0.4.0"

[[projects]]
  digest = "1:701ec53dfa0182bf25e5c09e664906f11d697e779b59461a2607dbd4dc75a4f9"
  name = "github.com/go-openapi/jsonpointer"
  packages = ["."]
  pruneopts = "T"
  revision = "ef5f0afec364d3b9396b7b77b43dbe26bf1f8004"
  version = "v0.18.0"

[[projects]]
  digest = "1:3f17ebd557845adeb347c9e398394e96ebc18e0ec94cc04972be87851a4679e0"
  name = "github.com/go-openapi/jsonreference"
  packages = ["."]
  pruneopts = "T"
  revision = "8483a886a90412cd6858df4ea3483dce9c8e35a3"
  version = "v0.18.0"

[[projects]]
  digest = "1:aab0bf9ea37838fc396fa23a503c51f12335e3f571fe78e0025d35e498bf7689"
  name = "github.com/go-openapi/spec"
  packages = ["."]
  pruneopts = "T"
  revision = "5b6cdde3200976e3ecceb2868706ee39b6aff3e4"
  version = "v0.18.0"

[[projects]]
  digest = "1:1b0d6468099d6a5b331ce46f5a398ef368abc6220d79825baf03a672f9d4e816"
  name = "github.com/go-openapi/swag"
  packages = ["."]
  pruneopts = "T"
  revision = "1d29f06aebd59ccdf11ae04aa0334ded96e2d909"
  version = "v0.18.0"

[[projects]]
  digest = "1:586ea76dbd0374d6fb649a91d70d652b7fe0ccffb8910a77468e7702e7901f3d"
  name = "github.com/go-stack/stack"
  packages = ["."]
  pruneopts = "T"
  revision = "2fee6af1a9795aafbe0253a0cfbdf668e1fb8a9a"
  version = "v1.8.0"

[[projects]]
  digest = "1:f5ccd717b5f093cbabc51ee2e7a5979b92f17d217f9031d6d64f337101c408e4"
  name = "github.com/gogo/protobuf"
  packages = [
    "proto",
    "sortkeys",
  ]
  pruneopts = "T"
  revision = "4cbf7e384e768b4e01799441fdf2a706a5635ae7"
  version = "v1.2.0"

[[projects]]
  branch = "master"
  digest = "1:1ba1d79f2810270045c328ae5d674321db34e3aae468eb4233883b473c5c0467"
  name = "github.com/golang/glog"
  packages = ["."]
  pruneopts = "T"
  revision = "23def4e6c14b4da8ac2ed8007337bc5eb5007998"

[[projects]]
  digest = "1:7912bb30698616cf0c41e5ef6a29a447c9a3e76bfcacbc21420ed3cdf616fd94"
  name = "github.com/golang/mock"
  packages = ["gomock"]
  pruneopts = "T"
  revision = "51421b967af1f557f93a59e0057aaf15ca02e29c"
  version = "v1.2.0"

[[projects]]
  digest = "1:a2ecb56e5053d942aafc86738915fb94c9131bac848c543b8b6764365fd69080"
  name = "github.com/golang/protobuf"
  packages = [
    "proto",
    "ptypes",
    "ptypes/any",
    "ptypes/duration",
    "ptypes/timestamp",
  ]
  pruneopts = "T"
  revision = "aa810b61a9c79d51363740d207bb46cf8e620ed5"
  version = "v1.2.0"

[[projects]]
  branch = "master"
  digest = "1:0bfbe13936953a98ae3cfe8ed6670d396ad81edf069a806d2f6515d7bb6950df"
  name = "github.com/google/btree"
  packages = ["."]
  pruneopts = "T"
  revision = "4030bb1f1f0c35b30ca7009e9ebd06849dd45306"

[[projects]]
  branch = "master"
  digest = "1:3ee90c0d94da31b442dde97c99635aaafec68d0b8a3c12ee2075c6bdabeec6bb"
  name = "github.com/google/gofuzz"
  packages = ["."]
  pruneopts = "T"
  revision = "24818f796faf91cd76ec7bddd72458fbced7a6c1"

[[projects]]
  digest = "1:236d7e1bdb50d8f68559af37dbcf9d142d56b431c9b2176d41e2a009b664cda8"
  name = "github.com/google/uuid"
  packages = ["."]
  pruneopts = "T"
  revision = "9b3b1e0f5f99ae461456d768e7d301a7acdaa2d8"
  version = "v1.1.0"

[[projects]]
  digest = "1:35735e2255fa34521c2a1355fb2a3a2300bc9949f487be1c1ce8ee8efcfa2d04"
  name = "github.com/googleapis/gnostic"
  packages = [
    "OpenAPIv2",
    "compiler",
    "extensions",
  ]
  pruneopts = "T"
  revision = "7c663266750e7d82587642f65e60bc4083f1f84e"
  version = "v0.2.0"

[[projects]]
  digest = "1:80f394537967d97fcc0da30762843805c8aaea7d208c43c99d1fe988a8888f0d"
  name = "github.com/gorilla/websocket"
  packages = ["."]
  pruneopts = "T"
  revision = "66b9c49e59c6c48f0ffce28c2d8b8a5678502c6d"
  version = "v1.4.0"

[[projects]]
  branch = "master"
  digest = "1:8c0ceab65d43f49dce22aac0e8f670c170fc74dcf2dfba66d3a89516f7ae2c15"
  name = "github.com/gregjones/httpcache"
  packages = [
    ".",
    "diskcache",
  ]
  pruneopts = "T"
  revision = "c63ab54fda8f77302f8d414e19933f2b6026a089"

[[projects]]
  digest = "1:8ec8d88c248041a6df5f6574b87bc00e7e0b493881dad2e7ef47b11dc69093b5"
  name = "github.com/hashicorp/golang-lru"
  packages = [
    ".",
    "simplelru",
  ]
  pruneopts = "T"
  revision = "20f1fb78b0740ba8c3cb143a61e86ba5c8669768"
  version = "v0.5.0"

[[projects]]
  digest = "1:3477d9dd8c135faab978bac762eaeafb31f28d6da97ef500d5c271966f74140a"
  name = "github.com/imdario/mergo"
  packages = ["."]
  pruneopts = "T"
  revision = "9f23e2d6bd2a77f959b2bf6acdbefd708a83a4a4"
  version = "v0.3.6"

[[projects]]
  digest = "1:5d713dbcad44f3358fec51fd5573d4f733c02cac5a40dcb177787ad5ffe9272f"
  name = "github.com/json-iterator/go"
  packages = ["."]
  pruneopts = "T"
  revision = "1624edc4454b8682399def8740d46db5e4362ba4"
  version = "v1.1.5"

[[projects]]
  digest = "1:4377ee2e755b060ce7e8e7c4bf5742a47d482fd19fe3e9534f48b93b032eefc4"
  name = "github.com/k8snetworkplumbingwg/network-attachment-definition-client"
  packages = [
    "pkg/apis/k8s.cni.cncf.io",
    "pkg/apis/k8s.cni.cncf.io/v1",
    "pkg/client/clientset/versioned",
    "pkg/client/clientset/versioned/scheme",
    "pkg/client/clientset/versioned/typed/k8s.cni.cncf.io/v1",
  ]
  pruneopts = "T"
  revision = "release-1.11"

[[projects]]
  branch = "master"
  digest = "1:a64e323dc06b73892e5bb5d040ced475c4645d456038333883f58934abbf6f72"
  name = "github.com/kr/logfmt"
  packages = ["."]
  pruneopts = "T"
  revision = "b84e30acd515aadc4b783ad4ff83aff3299bdfe0"

[[projects]]
  branch = "master"
  digest = "1:3f3e9e8c232cf1229cd83cf51388fbb801846f231b24b26917618e10a4c22fbd"
  name = "github.com/krolaw/dhcp4"
  packages = [
    ".",
    "conn",
  ]
  pruneopts = "T"
  revision = "7cead472c414711982509839c1a6a324d4c70ce6"

[[projects]]
  branch = "master"
  digest = "1:4be65cb3a11626a0d89fc72b34f62a8768040512d45feb086184ac30fdfbef65"
  name = "github.com/mailru/easyjson"
  packages = [
    "buffer",
    "jlexer",
    "jwriter",
  ]
  pruneopts = "T"
  revision = "60711f1a8329503b04e1c88535f419d0bb440bff"

[[projects]]
  digest = "1:33422d238f147d247752996a26574ac48dcf472976eda7f5134015f06bf16563"
  name = "github.com/modern-go/concurrent"
  packages = ["."]
  pruneopts = "T"
  revision = "bacd9c7ef1dd9b15be4a9909b8ac7a4e313eec94"
  version = "1.0.3"

[[projects]]
  digest = "1:e32bdbdb7c377a07a9a46378290059822efdce5c8d96fe71940d87cb4f918855"
  name = "github.com/modern-go/reflect2"
  packages = ["."]
  pruneopts = "T"
  revision = "4b7aa43c6742a2c18fdef89dd197aaae7dac7ccd"
  version = "1.0.1"

[[projects]]
  digest = "1:a61aad1f69d9b342e724828664ad94dcddd7a3f33a6d860940beb14c0d1603bc"
  name = "github.com/openshift/api"
  packages = ["security/v1"]
  pruneopts = "T"
  revision = "0d921e363e951d89f583292c60d013c318df64dc"
  version = "v3.9.0"

[[projects]]
  digest = "1:7da30d36edabf50fb5bc07f759991589c5ca72e75b3dd50fa58c57d94e96fd15"
  name = "github.com/openshift/client-go"
  packages = [
    "security/clientset/versioned/scheme",
    "security/clientset/versioned/typed/security/v1",
  ]
  pruneopts = "T"
  revision = "1fa528d3be060e4c7178eb69e76d37cf7e699e3c"
  version = "v3.9.0"

[[projects]]
  digest = "1:e5d0bd87abc2781d14e274807a470acd180f0499f8bf5bb18606e9ec22ad9de9"
  name = "github.com/pborman/uuid"
  packages = ["."]
  pruneopts = "T"
  revision = "adf5a7427709b9deb95d29d3fa8a2bf9cfd388f1"
  version = "v1.2"

[[projects]]
  branch = "master"
  digest = "1:0c29d499ffc3b9f33e7136444575527d0c3a9463a89b3cbeda0523b737f910b3"
  name = "github.com/petar/GoLLRB"
  packages = ["llrb"]
  pruneopts = "T"
  revision = "53be0d36a84c2a886ca057d34b6aa4468df9ccb4"

[[projects]]
  digest = "1:598241bd36d3a5f6d9102a306bd9bf78f3bc253672460d92ac70566157eae648"
  name = "github.com/peterbourgon/diskv"
  packages = ["."]
  pruneopts = "T"
  revision = "5f041e8faa004a95c88a202771f4cc3e991971e6"
  version = "v2.0.1"

[[projects]]
  digest = "1:0f775ea7a72e30d5574267692aaa9ff265aafd15214a7ae7db26bc77f2ca04dc"
  name = "github.com/spf13/pflag"
  packages = ["."]
  pruneopts = "T"
  revision = "298182f68c66c05229eb03ac171abe6e309ee79a"
  version = "v1.0.3"

[[projects]]
  digest = "1:912e17af8e53baf5bd875cf37309e335cfbc60726d1160ef35256ae58ade4bcd"
  name = "github.com/subgraph/libmacouflage"
  packages = ["."]
  pruneopts = "T"
  revision = "973191b8743358463d8f3abc9c6dc585f2c1e7fc"
  version = "v0.0.1"

[[projects]]
  digest = "1:2d9d06cb9d46dacfdbb45f8575b39fc0126d083841a29d4fbf8d97708f43107e"
  name = "github.com/vishvananda/netlink"
  packages = [
    ".",
    "nl",
  ]
  pruneopts = "T"
  revision = "a2ad57a690f3caf3015351d2d6e1c0b95c349752"
  version = "v1.0.0"

[[projects]]
  branch = "master"
  digest = "1:e4e30678fb2560b5c62f6308c5023d6c294fc7713216fa379411cc74465e866f"
  name = "github.com/vishvananda/netns"
  packages = ["."]
  pruneopts = "T"
  revision = "13995c7128ccc8e51e9a6bd2b551020a27180abd"

[[projects]]
  branch = "master"
  digest = "1:5f6a40f74aa9639cfcdaccb526d14a6a7c18900ea8f339416a43a580beb32c34"
  name = "golang.org/x/crypto"
  packages = ["ssh/terminal"]
  pruneopts = "T"
  revision = "ff983b9c42bc9fbf91556e191cc8efb585c16908"

[[projects]]
  branch = "master"
  digest = "1:5be93c879e360e3a5a59fc463938c1761592cbf93664d29ca06970081a564a90"
  name = "golang.org/x/net"
  packages = [
    "bpf",
    "context",
    "http/httpguts",
    "http2",
    "http2/hpack",
    "idna",
    "internal/iana",
    "internal/socket",
    "internal/timeseries",
    "ipv4",
    "trace",
  ]
  pruneopts = "T"
  revision = "915654e7eabcea33ae277abbecf52f0d8b7a9fdc"

[[projects]]
  branch = "master"
  digest = "1:1748ccad64c8a1fc602f507f9c68520c8ece1cff31be9ef810c41b3715d2c8f4"
  name = "golang.org/x/sys"
  packages = [
    "unix",
    "windows",
  ]
  pruneopts = "T"
  revision = "11f53e03133963fb11ae0588e08b5e0b85be8be5"

[[projects]]
  digest = "1:6164911cb5e94e8d8d5131d646613ff82c14f5a8ce869de2f6d80d9889df8c5a"
  name = "golang.org/x/text"
  packages = [
    "collate",
    "collate/build",
    "internal/colltab",
    "internal/gen",
    "internal/tag",
    "internal/triegen",
    "internal/ucd",
    "language",
    "secure/bidirule",
    "transform",
    "unicode/bidi",
    "unicode/cldr",
    "unicode/norm",
    "unicode/rangetable",
    "width",
  ]
  pruneopts = "T"
  revision = "f21a4dfb5e38f5895301dc265a8def02365cc3d0"
  version = "v0.3.0"

[[projects]]
  branch = "master"
  digest = "1:077216d94c076b8cd7bd057cb6f7c6d224970cc991bdfe49c0c7a24e8e39ee33"
  name = "golang.org/x/time"
  packages = ["rate"]
  pruneopts = "T"
  revision = "85acf8d2951cb2a3bde7632f9ff273ef0379bcbd"

[[projects]]
  branch = "master"
  digest = "1:1aa609a0033ef2927e083f2e5e07203ca35fe21c4a24b563de9fea16ddaae9ba"
  name = "google.golang.org/genproto"
  packages = ["googleapis/rpc/status"]
  pruneopts = "T"
  revision = "db91494dd46c1fdcbbde05e5ff5eb56df8f7d79a"

[[projects]]
  digest = "1:adec72b8770ba7ad04c7a5a8ef8c6cc13a766bd11f900b60f360303b4f56e0b1"
  name = "google.golang.org/grpc"
  packages = [
    ".",
    "balancer",
    "balancer/base",
    "balancer/roundrobin",
    "binarylog/grpc_binarylog_v1",
    "codes",
    "connectivity",
    "credentials",
    "credentials/internal",
    "encoding",
    "encoding/proto",
    "grpclog",
    "internal",
    "internal/backoff",
    "internal/binarylog",
    "internal/channelz",
    "internal/envconfig",
    "internal/grpcrand",
    "internal/grpcsync",
    "internal/syscall",
    "internal/transport",
    "keepalive",
    "metadata",
    "naming",
    "peer",
    "resolver",
    "resolver/dns",
    "resolver/passthrough",
    "stats",
    "status",
    "tap",
  ]
  pruneopts = "T"
  revision = "a02b0774206b209466313a0b525d2c738fe407eb"
  version = "v1.18.0"

[[projects]]
  digest = "1:2d1fbdc6777e5408cabeb02bf336305e724b925ff4546ded0fa8715a7267922a"
  name = "gopkg.in/inf.v0"
  packages = ["."]
  pruneopts = "T"
  revision = "d2d2541c53f18d2a059457998ce2876cc8e67cbf"
  version = "v0.9.1"

[[projects]]
  digest = "1:4d2e5a73dc1500038e504a8d78b986630e3626dc027bc030ba5c75da257cdb96"
  name = "gopkg.in/yaml.v2"
  packages = ["."]
  pruneopts = "T"
  revision = "51d6538a90f86fe93ac480b35f37b2be17fef232"
  version = "v2.2.2"

[[projects]]
  branch = "master"
  digest = "1:512a6fa04ac2c195d2ebea80c7052f737d02912525268def76e9111a7ce9e6eb"
  name = "k8s.io/api"
  packages = [
    "admissionregistration/v1alpha1",
    "admissionregistration/v1beta1",
    "apps/v1",
    "apps/v1beta1",
    "apps/v1beta2",
    "authentication/v1",
    "authentication/v1beta1",
    "authorization/v1",
    "authorization/v1beta1",
    "autoscaling/v1",
    "autoscaling/v2beta1",
    "batch/v1",
    "batch/v1beta1",
    "batch/v2alpha1",
    "certificates/v1beta1",
    "core/v1",
    "events/v1beta1",
    "extensions/v1beta1",
    "networking/v1",
    "policy/v1beta1",
    "rbac/v1",
    "rbac/v1alpha1",
    "rbac/v1beta1",
    "scheduling/v1alpha1",
    "scheduling/v1beta1",
    "settings/v1alpha1",
    "storage/v1",
    "storage/v1alpha1",
    "storage/v1beta1",
  ]
  pruneopts = "T"
  revision = "173ce66c1e39d1d0f56e0b3347ff2988068aecd0"

[[projects]]
  digest = "1:3fe3cb0c5e5a140f0b40c18796b884d3432efbd690b0bda8cbd838d38a3ea585"
  name = "k8s.io/apiextensions-apiserver"
  packages = [
    "pkg/apis/apiextensions",
    "pkg/apis/apiextensions/v1beta1",
    "pkg/client/clientset/clientset",
    "pkg/client/clientset/clientset/scheme",
    "pkg/client/clientset/clientset/typed/apiextensions/v1beta1",
  ]
  pruneopts = "T"
  revision = "408db4a50408e2149acbd657bceb2480c13cb0a4"
  version = "kubernetes-1.11.2"

[[projects]]
  digest = "1:e2035d60919705a125feeb8b13926383aff8817634b2c4550743c19ca21f3b08"
  name = "k8s.io/apimachinery"
  packages = [
    "pkg/api/errors",
    "pkg/api/meta",
    "pkg/api/resource",
    "pkg/apis/meta/internalversion",
    "pkg/apis/meta/v1",
    "pkg/apis/meta/v1/unstructured",
    "pkg/apis/meta/v1beta1",
    "pkg/conversion",
    "pkg/conversion/queryparams",
    "pkg/fields",
    "pkg/labels",
    "pkg/runtime",
    "pkg/runtime/schema",
    "pkg/runtime/serializer",
    "pkg/runtime/serializer/json",
    "pkg/runtime/serializer/protobuf",
    "pkg/runtime/serializer/recognizer",
    "pkg/runtime/serializer/streaming",
    "pkg/runtime/serializer/versioning",
    "pkg/selection",
    "pkg/types",
    "pkg/util/cache",
    "pkg/util/clock",
    "pkg/util/diff",
    "pkg/util/errors",
    "pkg/util/framer",
    "pkg/util/intstr",
    "pkg/util/json",
    "pkg/util/net",
    "pkg/util/runtime",
    "pkg/util/sets",
    "pkg/util/validation",
    "pkg/util/validation/field",
    "pkg/util/wait",
    "pkg/util/yaml",
    "pkg/version",
    "pkg/watch",
    "third_party/forked/golang/reflect",
  ]
  pruneopts = "T"
  revision = "103fd098999dc9c0c88536f5c9ad2e5da39373ae"
  version = "kubernetes-1.11.2"

[[projects]]
  digest = "1:0a19f9bf56ecc683569299c8c2282ee3ac70d4e32eeb170d3265761bff8d5e12"
  name = "k8s.io/client-go"
  packages = [
    "discovery",
    "kubernetes",
    "kubernetes/scheme",
    "kubernetes/typed/admissionregistration/v1alpha1",
    "kubernetes/typed/admissionregistration/v1beta1",
    "kubernetes/typed/apps/v1",
    "kubernetes/typed/apps/v1beta1",
    "kubernetes/typed/apps/v1beta2",
    "kubernetes/typed/authentication/v1",
    "kubernetes/typed/authentication/v1beta1",
    "kubernetes/typed/authorization/v1",
    "kubernetes/typed/authorization/v1beta1",
    "kubernetes/typed/autoscaling/v1",
    "kubernetes/typed/autoscaling/v2beta1",
    "kubernetes/typed/batch/v1",
    "kubernetes/typed/batch/v1beta1",
    "kubernetes/typed/batch/v2alpha1",
    "kubernetes/typed/certificates/v1beta1",
    "kubernetes/typed/core/v1",
    "kubernetes/typed/events/v1beta1",
    "kubernetes/typed/extensions/v1beta1",
    "kubernetes/typed/networking/v1",
    "kubernetes/typed/policy/v1beta1",
    "kubernetes/typed/rbac/v1",
    "kubernetes/typed/rbac/v1alpha1",
    "kubernetes/typed/rbac/v1beta1",
    "kubernetes/typed/scheduling/v1alpha1",
    "kubernetes/typed/scheduling/v1beta1",
    "kubernetes/typed/settings/v1alpha1",
    "kubernetes/typed/storage/v1",
    "kubernetes/typed/storage/v1alpha1",
    "kubernetes/typed/storage/v1beta1",
    "pkg/apis/clientauthentication",
    "pkg/apis/clientauthentication/v1alpha1",
    "pkg/apis/clientauthentication/v1beta1",
    "pkg/version",
    "plugin/pkg/client/auth/exec",
    "rest",
    "rest/watch",
    "tools/auth",
    "tools/cache",
    "tools/clientcmd",
    "tools/clientcmd/api",
    "tools/clientcmd/api/latest",
    "tools/clientcmd/api/v1",
    "tools/metrics",
    "tools/pager",
    "tools/reference",
    "transport",
    "util/buffer",
    "util/cert",
    "util/connrotation",
    "util/flowcontrol",
    "util/homedir",
    "util/integer",
    "util/retry",
  ]
  pruneopts = "T"
  revision = "1f13a808da65775f22cbf47862c4e5898d8f4ca1"
  version = "kubernetes-1.11.2"

[[projects]]
  branch = "master"
  digest = "1:7b929d96736f506adcaad36eb495cce6f6036f5482cafcd014424af9305c75a8"
  name = "k8s.io/kube-openapi"
  packages = ["pkg/common"]
  pruneopts = "T"
  revision = "ced9eb3070a5f1c548ef46e8dfe2a97c208d9f03"

[[projects]]
  digest = "1:8432e12f2287f66ff402598300e518b98a4136d15a7cfb71364ef49d2da1c2ba"
  name = "kubevirt.io/containerized-data-importer"
  packages = [
    "pkg/apis/datavolumecontroller",
    "pkg/apis/datavolumecontroller/v1alpha1",
    "pkg/apis/uploadcontroller",
    "pkg/apis/uploadcontroller/v1alpha1",
    "pkg/client/clientset/versioned",
    "pkg/client/clientset/versioned/scheme",
    "pkg/client/clientset/versioned/typed/datavolumecontroller/v1alpha1",
    "pkg/client/clientset/versioned/typed/uploadcontroller/v1alpha1",
  ]
  pruneopts = "T"
  revision = "254749a63d335a4ec1ef919a971cab0b68cf4980"
  source = "https://github.com/kubevirt/containerized-data-importer"

[[projects]]
  branch = "mega-merge"
  digest = "1:8d7c87cac7bb34ef9ae3b5a607444fc2cc9f9b2b04756a8ed8d0add94ad6662a"
  name = "kubevirt.io/kubevirt"
  packages = [
    "pkg/api/v1",
    "pkg/cloud-init",
    "pkg/config",
    "pkg/container-disk",
    "pkg/emptydisk",
    "pkg/ephemeral-disk",
    "pkg/ephemeral-disk-utils",
    "pkg/hooks",
    "pkg/hooks/info",
    "pkg/hooks/v1alpha1",
    "pkg/hooks/v1alpha2",
    "pkg/kubecli",
    "pkg/log",
    "pkg/precond",
    "pkg/util",
    "pkg/util/net/dns",
    "pkg/util/subresources",
    "pkg/version",
    "pkg/virt-launcher/virtwrap/api",
    "pkg/virt-launcher/virtwrap/network",
    "pkg/virt-launcher/virtwrap/network/dhcp",
  ]
  pruneopts = "T"
  revision = "0364d019283267b657fe0f57c93e5698500c402c"
  source = "github.com/stackpath/kubevirt"

[solve-meta]
  analyzer-name = "dep"
  analyzer-version = 1
  input-imports = [
    "github.com/vishvananda/netlink",
    "google.golang.org/grpc",
    "gopkg.in/yaml.v2",
    "kubevirt.io/kubevirt/pkg/api/v1",
    "kubevirt.io/kubevirt/pkg/hooks",
    "kubevirt.io/kubevirt/pkg/hooks/info",
    "kubevirt.io/kubevirt/pkg/hooks/v1alpha2",
    "kubevirt.io/kubevirt/pkg/log",
    "kubevirt.io/kubevirt/pkg/virt-launcher/virtwrap/api",
    "kubevirt.io/kubevirt/pkg/virt-launcher/virtwrap/network",
  ]
  solver-name = "gps-cdcl"
  solver-version = 1
